# THIS IS AN AUTOGENERATED FILE. DO NOT EDIT THIS FILE DIRECTLY.
# yarn lockfile v1


"@sinonjs/commons@^1", "@sinonjs/commons@^1.6.0", "@sinonjs/commons@^1.7.0":
  version "1.7.0"
  resolved "https://registry.yarnpkg.com/@sinonjs/commons/-/commons-1.7.0.tgz#f90ffc52a2e519f018b13b6c4da03cbff36ebed6"
  integrity sha512-qbk9AP+cZUsKdW1GJsBpxPKFmCJ0T8swwzVje3qFd+AkQb74Q/tiuzrdfFg8AD2g5HH/XbE/I8Uc1KYHVYWfhg==
  dependencies:
    type-detect "4.0.8"

"@sinonjs/formatio@^4.0.1":
  version "4.0.1"
  resolved "https://registry.yarnpkg.com/@sinonjs/formatio/-/formatio-4.0.1.tgz#50ac1da0c3eaea117ca258b06f4f88a471668bdb"
  integrity sha512-asIdlLFrla/WZybhm0C8eEzaDNNrzymiTqHMeJl6zPW2881l3uuVRpm0QlRQEjqYWv6CcKMGYME3LbrLJsORBw==
  dependencies:
    "@sinonjs/commons" "^1"
    "@sinonjs/samsam" "^4.2.0"

"@sinonjs/samsam@^4.2.0", "@sinonjs/samsam@^4.2.1":
  version "4.2.2"
  resolved "https://registry.yarnpkg.com/@sinonjs/samsam/-/samsam-4.2.2.tgz#0f6cb40e467865306d8a20a97543a94005204e23"
  integrity sha512-z9o4LZUzSD9Hl22zV38aXNykgFeVj8acqfFabCY6FY83n/6s/XwNJyYYldz6/9lBJanpno9h+oL6HTISkviweA==
  dependencies:
    "@sinonjs/commons" "^1.6.0"
    lodash.get "^4.4.2"
    type-detect "^4.0.8"

"@sinonjs/text-encoding@^0.7.1":
  version "0.7.1"
  resolved "https://registry.yarnpkg.com/@sinonjs/text-encoding/-/text-encoding-0.7.1.tgz#8da5c6530915653f3a1f38fd5f101d8c3f8079c5"
  integrity sha512-+iTbntw2IZPb/anVDbypzfQa+ay64MW0Zo8aJ8gZPWMMK6/OubMVb6lUPMagqjOPnmtauXnFCACVl3O7ogjeqQ==

diff@^4.0.1:
  version "4.0.1"
  resolved "https://registry.yarnpkg.com/diff/-/diff-4.0.1.tgz#0c667cb467ebbb5cea7f14f135cc2dba7780a8ff"
  integrity sha512-s2+XdvhPCOF01LRQBC8hf4vhbVmI2CGS5aZnxLJlT5FtdhPCDFq80q++zK2KlrVorVDdL5BOGZ/VfLrVtYNF+Q==

fs-extra@^8.1.0:
  version "8.1.0"
  resolved "https://registry.yarnpkg.com/fs-extra/-/fs-extra-8.1.0.tgz#49d43c45a88cd9677668cb7be1b46efdb8d2e1c0"
  integrity sha512-yhlQgA6mnOJUKOsRUFsgJdQCvkKhcz8tlZG5HBQfReYZy46OwLcY+Zia0mtdHsOo9y/hP+CxMN0TU9QxoOtG4g==
  dependencies:
    graceful-fs "^4.2.0"
    jsonfile "^4.0.0"
    universalify "^0.1.0"

graceful-fs@^4.1.6, graceful-fs@^4.2.0:
  version "4.2.3"
  resolved "https://registry.yarnpkg.com/graceful-fs/-/graceful-fs-4.2.3.tgz#4a12ff1b60376ef09862c2093edd908328be8423"
  integrity sha512-a30VEBm4PEdx1dRB7MFK7BejejvCvBronbLjht+sHuGYj8PHs7M/5Z+rt5lw551vZ7yfTCj4Vuyy3mSJytDWRQ==

has-flag@^4.0.0:
  version "4.0.0"
  resolved "https://registry.yarnpkg.com/has-flag/-/has-flag-4.0.0.tgz#944771fd9c81c81265c4d6941860da06bb59479b"
  integrity sha512-EykJT/Q1KjTWctppgIAgfSO0tKVuZUjhgMr17kqTumMl6Afv3EISleU7qZUzoXDFTAHTDC4NOoG/ZxU3EvlMPQ==

isarray@0.0.1:
  version "0.0.1"
  resolved "https://registry.yarnpkg.com/isarray/-/isarray-0.0.1.tgz#8a18acfca9a8f4177e09abfc6038939b05d1eedf"
  integrity sha1-ihis/Kmo9Bd+Cav8YDiTmwXR7t8=

jsonfile@^4.0.0:
  version "4.0.0"
  resolved "https://registry.yarnpkg.com/jsonfile/-/jsonfile-4.0.0.tgz#8771aae0799b64076b76640fca058f9c10e33ecb"
  integrity sha1-h3Gq4HmbZAdrdmQPygWPnBDjPss=
  optionalDependencies:
    graceful-fs "^4.1.6"

just-extend@^4.0.2:
  version "4.0.2"
  resolved "https://registry.yarnpkg.com/just-extend/-/just-extend-4.0.2.tgz#f3f47f7dfca0f989c55410a7ebc8854b07108afc"
  integrity sha512-FrLwOgm+iXrPV+5zDU6Jqu4gCRXbWEQg2O3SKONsWE4w7AXFRkryS53bpWdaL9cNol+AmR3AEYz6kn+o0fCPnw==

lodash.get@^4.4.2:
  version "4.4.2"
  resolved "https://registry.yarnpkg.com/lodash.get/-/lodash.get-4.4.2.tgz#2d177f652fa31e939b4438d5341499dfa3825e99"
  integrity sha1-LRd/ZS+jHpObRDjVNBSZ36OCXpk=

lolex@^5.0.1, lolex@^5.1.2:
  version "5.1.2"
  resolved "https://registry.yarnpkg.com/lolex/-/lolex-5.1.2.tgz#953694d098ce7c07bc5ed6d0e42bc6c0c6d5a367"
  integrity sha512-h4hmjAvHTmd+25JSwrtTIuwbKdwg5NzZVRMLn9saij4SZaepCrTCxPr35H/3bjwfMJtN+t3CX8672UIkglz28A==
  dependencies:
    "@sinonjs/commons" "^1.7.0"

nise@^3.0.1:
  version "3.0.1"
  resolved "https://registry.yarnpkg.com/nise/-/nise-3.0.1.tgz#0659982af515e5aac15592226246243e8da0013d"
  integrity sha512-fYcH9y0drBGSoi88kvhpbZEsenX58Yr+wOJ4/Mi1K4cy+iGP/a73gNoyNhu5E9QxPdgTlVChfIaAlnyOy/gHUA==
  dependencies:
    "@sinonjs/commons" "^1.7.0"
    "@sinonjs/formatio" "^4.0.1"
    "@sinonjs/text-encoding" "^0.7.1"
    just-extend "^4.0.2"
    lolex "^5.0.1"
    path-to-regexp "^1.7.0"

node-fetch@^2.6.0:
  version "2.6.0"
  resolved "https://registry.yarnpkg.com/node-fetch/-/node-fetch-2.6.0.tgz#e633456386d4aa55863f676a7ab0daa8fdecb0fd"
  integrity sha512-8dG4H5ujfvFiqDmVu9fQ5bOHUC15JMjMY/Zumv26oOvvVJjM67KF8koCWIabKQ1GJIa9r2mMZscBq/TbdOcmNA==

path-to-regexp@^1.7.0:
  version "1.8.0"
  resolved "https://registry.yarnpkg.com/path-to-regexp/-/path-to-regexp-1.8.0.tgz#887b3ba9d84393e87a0a0b9f4cb756198b53548a"
  integrity sha512-n43JRhlUKUAlibEJhPeir1ncUID16QnEjNpwzNdO3Lm4ywrBpBZ5oLD0I6br9evr1Y9JTqwRtAh7JLoOzAQdVA==
  dependencies:
    isarray "0.0.1"

sinon@^8.0.4:
  version "8.0.4"
  resolved "https://registry.yarnpkg.com/sinon/-/sinon-8.0.4.tgz#eb13242fa50bf876c54e88bdc96f281a0dd08a53"
  integrity sha512-cFsmgmvsgFb87e7SV7IcekogITlHX2KmlplyI9Pda0FH1Z8Ms/kWbpLs25Idp0m6ZJ3HEEjhaYYXbcTtWWUn4w==
  dependencies:
    "@sinonjs/commons" "^1.7.0"
    "@sinonjs/formatio" "^4.0.1"
    "@sinonjs/samsam" "^4.2.1"
    diff "^4.0.1"
    lolex "^5.1.2"
    nise "^3.0.1"
    supports-color "^7.1.0"

supports-color@^7.1.0:
  version "7.1.0"
  resolved "https://registry.yarnpkg.com/supports-color/-/supports-color-7.1.0.tgz#68e32591df73e25ad1c4b49108a2ec507962bfd1"
  integrity sha512-oRSIpR8pxT1Wr2FquTNnGet79b3BWljqOuoW/h4oBhxJ/HUbX5nX6JSruTkvXDCFMwDPvsaTTbvMLKZWSy0R5g==
  dependencies:
    has-flag "^4.0.0"

type-detect@4.0.8, type-detect@^4.0.8:
  version "4.0.8"
  resolved "https://registry.yarnpkg.com/type-detect/-/type-detect-4.0.8.tgz#7646fb5f18871cfbb7749e69bd39a6388eb7450c"
  integrity sha512-0fr/mIH1dlO+x7TlcMy+bIDqKPsw/70tVyeHW787goQjhmqaZe10uwLujubK9q9Lg6Fiho1KUKDYz0Z7k7g5/g==

universalify@^0.1.0:
  version "0.1.2"
  resolved "https://registry.yarnpkg.com/universalify/-/universalify-0.1.2.tgz#b646f69be3942dabcecc9d6639c80dc105efaa66"
  integrity sha512-rBJeI5CXAlmy1pV+617WB9J63U6XcazHHF2f2dbJix4XzpUF0RS3Zbj0FGIOCAva5P/d/GBOYaACQ1w+0azUkg==
